
Microsoft Visual Studio Solution File, Format Version 12.00
# Visual Studio Version 16
VisualStudioVersion = 16.0.33801.447
MinimumVisualStudioVersion = 10.0.40219.1
Project("{8BC9CEB8-8B4A-11D0-8D11-00A0C91BC942}") = "Pizzeria_7", "Pizzeria_7\Pizzeria_7.vcxproj", "{BE5C02DA-7898-4675-99F0-C7AC894763FE}"
EndProject
Global
	GlobalSection(SolutionConfigurationPlatforms) = preSolution
		Debug|x64 = Debug|x64
		Debug|x86 = Debug|x86
		Release|x64 = Release|x64
		Release|x86 = Release|x86
	EndGlobalSection
	GlobalSection(ProjectConfigurationPlatforms) = postSolution
		{BE5C02DA-7898-4675-99F0-C7AC894763FE}.Debug|x64.ActiveCfg = Debug|x64
		{BE5C02DA-7898-4675-99F0-C7AC894763FE}.Debug|x64.Build.0 = Debug|x64
		{BE5C02DA-7898-4675-99F0-C7AC894763FE}.Debug|x86.ActiveCfg = Debug|Win32
		{BE5C02DA-7898-4675-99F0-C7AC894763FE}.Debug|x86.Build.0 = Debug|Win32
		{BE5C02DA-7898-4675-99F0-C7AC894763FE}.Release|x64.ActiveCfg = Release|x64
		{BE5C02DA-7898-4675-99F0-C7AC894763FE}.Release|x64.Build.0 = Release|x64
		{BE5C02DA-7898-4675-99F0-C7AC894763FE}.Release|x86.ActiveCfg = Release|Win32
		{BE5C02DA-7898-4675-99F0-C7AC894763FE}.Release|x86.Build.0 = Release|Win32
	EndGlobalSection
	GlobalSection(SolutionProperties) = preSolution
		HideSolutionNode = FALSE
	EndGlobalSection
	GlobalSection(ExtensibilityGlobals) = postSolution
		SolutionGuid = {B81C55CD-C048-467F-A0C1-4B364C1B247A}
	EndGlobalSection
EndGlobal
